
Microsoft Visual Studio Solution File, Format Version 12.00
# Visual Studio Version 17
VisualStudioVersion = 17.11.35208.52
MinimumVisualStudioVersion = 10.0.40219.1
Project("{FAE04EC0-301F-11D3-BF4B-00C04F79EFBC}") = "GCalderonExamenP3", "GCalderonExamenP3\GCalderonExamenP3.csproj", "{175A7F27-C82E-4D9F-802B-146D04297D0D}"
EndProject
Global
	GlobalSection(SolutionConfigurationPlatforms) = preSolution
		Debug|Any CPU = Debug|Any CPU
		Release|Any CPU = Release|Any CPU
	EndGlobalSection
	GlobalSection(ProjectConfigurationPlatforms) = postSolution
		{175A7F27-C82E-4D9F-802B-146D04297D0D}.Debug|Any CPU.ActiveCfg = Debug|Any CPU
		{175A7F27-C82E-4D9F-802B-146D04297D0D}.Debug|Any CPU.Build.0 = Debug|Any CPU
		{175A7F27-C82E-4D9F-802B-146D04297D0D}.Debug|Any CPU.Deploy.0 = Debug|Any CPU
		{175A7F27-C82E-4D9F-802B-146D04297D0D}.Release|Any CPU.ActiveCfg = Release|Any CPU
		{175A7F27-C82E-4D9F-802B-146D04297D0D}.Release|Any CPU.Build.0 = Release|Any CPU
		{175A7F27-C82E-4D9F-802B-146D04297D0D}.Release|Any CPU.Deploy.0 = Release|Any CPU
	EndGlobalSection
	GlobalSection(SolutionProperties) = preSolution
		HideSolutionNode = FALSE
	EndGlobalSection
	GlobalSection(ExtensibilityGlobals) = postSolution
		SolutionGuid = {155EADEF-9AF4-47CE-8AED-B68F9F25F0CF}
	EndGlobalSection
EndGlobal
